// !$*UTF8*$!
{
	archiveVersion = 1;
	classes = {
	};
	objectVersion = 46;
	objects = {

/* Begin PBXBuildFile section */
		B6AED7591BDA98EC00B43E02 /* main.m in Sources */ = {isa = PBXBuildFile; fileRef = B6AED7581BDA98EC00B43E02 /* main.m */; };
		B6AED75C1BDA98EC00B43E02 /* AppDelegate.m in Sources */ = {isa = PBXBuildFile; fileRef = B6AED75B1BDA98EC00B43E02 /* AppDelegate.m */; };
		B6AED75F1BDA98EC00B43E02 /* ViewController.m in Sources */ = {isa = PBXBuildFile; fileRef = B6AED75E1BDA98EC00B43E02 /* ViewController.m */; };
		B6AED7621BDA98EC00B43E02 /* Main.storyboard in Resources */ = {isa = PBXBuildFile; fileRef = B6AED7601BDA98EC00B43E02 /* Main.storyboard */; };
		B6AED7641BDA98EC00B43E02 /* Assets.xcassets in Resources */ = {isa = PBXBuildFile; fileRef = B6AED7631BDA98EC00B43E02 /* Assets.xcassets */; };
		B6AED7671BDA98EC00B43E02 /* LaunchScreen.storyboard in Resources */ = {isa = PBXBuildFile; fileRef = B6AED7651BDA98EC00B43E02 /* LaunchScreen.storyboard */; };
/* End PBXBuildFile section */

/* Begin PBXFileReference section */
		B6AED7541BDA98EC00B43E02 /* LxDBAnythingDemo.app */ = {isa = PBXFileReference; explicitFileType = wrapper.application; includeInIndex = 0; path = LxDBAnythingDemo.app; sourceTree = BUILT_PRODUCTS_DIR; };
		B6AED7581BDA98EC00B43E02 /* main.m */ = {isa = PBXFileReference; lastKnownFileType = sourcecode.c.objc; path = main.m; sourceTree = "<group>"; };
		B6AED75A1BDA98EC00B43E02 /* AppDelegate.h */ = {isa = PBXFileReference; lastKnownFileType = sourcecode.c.h; path = AppDelegate.h; sourceTree = "<group>"; };
		B6AED75B1BDA98EC00B43E02 /* AppDelegate.m */ = {isa = PBXFileReference; lastKnownFileType = sourcecode.c.objc; path = AppDelegate.m; sourceTree = "<group>"; };
		B6AED75D1BDA98EC00B43E02 /* ViewController.h */ = {isa = PBXFileReference; lastKnownFileType = sourcecode.c.h; path = ViewController.h; sourceTree = "<group>"; };
		B6AED75E1BDA98EC00B43E02 /* ViewController.m */ = {isa = PBXFileReference; lastKnownFileType = sourcecode.c.objc; path = ViewController.m; sourceTree = "<group>"; };
		B6AED7611BDA98EC00B43E02 /* Base */ = {isa = PBXFileReference; lastKnownFileType = file.storyboard; name = Base; path = Base.lproj/Main.storyboard; sourceTree = "<group>"; };
		B6AED7631BDA98EC00B43E02 /* Assets.xcassets */ = {isa = PBXFileReference; lastKnownFileType = folder.assetcatalog; path = Assets.xcassets; sourceTree = "<group>"; };
		B6AED7661BDA98EC00B43E02 /* Base */ = {isa = PBXFileReference; lastKnownFileType = file.storyboard; name = Base; path = Base.lproj/LaunchScreen.storyboard; sourceTree = "<group>"; };
		B6AED7681BDA98EC00B43E02 /* Info.plist */ = {isa = PBXFileReference; lastKnownFileType = text.plist.xml; path = Info.plist; sourceTree = "<group>"; };
		B6AED7701BDAA96D00B43E02 /* LxDBAnything.h */ = {isa = PBXFileReference; fileEncoding = 4; lastKnownFileType = sourcecode.c.h; name = LxDBAnything.h; path = ../../LxDBAnything.h; sourceTree = "<group>"; };
/* End PBXFileReference section */

/* Begin PBXFrameworksBuildPhase section */
		B6AED7511BDA98EC00B43E02 /* Frameworks */ = {
			isa = PBXFrameworksBuildPhase;
			buildActionMask = 2147483647;
			files = (
			);
			runOnlyForDeploymentPostprocessing = 0;
		};
/* End PBXFrameworksBuildPhase section */

/* Begin PBXGroup section */
		B6AED74B1BDA98EC00B43E02 = {
			isa = PBXGroup;
			children = (
				B6AED7561BDA98EC00B43E02 /* LxDBAnythingDemo */,
				B6AED7551BDA98EC00B43E02 /* Products */,
			);
			sourceTree = "<group>";
		};
		B6AED7551BDA98EC00B43E02 /* Products */ = {
			isa = PBXGroup;
			children = (
				B6AED7541BDA98EC00B43E02 /* LxDBAnythingDemo.app */,
			);
			name = Products;
			sourceTree = "<group>";
		};
		B6AED7561BDA98EC00B43E02 /* LxDBAnythingDemo */ = {
			isa = PBXGroup;
			children = (
				B6AED7701BDAA96D00B43E02 /* LxDBAnything.h */,
				B6AED75A1BDA98EC00B43E02 /* AppDelegate.h */,
				B6AED75B1BDA98EC00B43E02 /* AppDelegate.m */,
				B6AED75D1BDA98EC00B43E02 /* ViewController.h */,
				B6AED75E1BDA98EC00B43E02 /* ViewController.m */,
				B6AED7571BDA98EC00B43E02 /* Supporting Files */,
			);
			path = LxDBAnythingDemo;
			sourceTree = "<group>";
		};
		B6AED7571BDA98EC00B43E02 /* Supporting Files */ = {
			isa = PBXGroup;
			children = (
				B6AED7651BDA98EC00B43E02 /* LaunchScreen.storyboard */,
				B6AED7601BDA98EC00B43E02 /* Main.storyboard */,
				B6AED7631BDA98EC00B43E02 /* Assets.xcassets */,
				B6AED7681BDA98EC00B43E02 /* Info.plist */,
				B6AED7581BDA98EC00B43E02 /* main.m */,
			);
			name = "Supporting Files";
			sourceTree = "<group>";
		};
/* End PBXGroup section */

/* Begin PBXNativeTarget section */
		B6AED7531BDA98EC00B43E02 /* LxDBAnythingDemo */ = {
			isa = PBXNativeTarget;
			buildConfigurationList = B6AED76B1BDA98EC00B43E02 /* Build configuration list for PBXNativeTarget "LxDBAnythingDemo" */;
			buildPhases = (
				B6AED7501BDA98EC00B43E02 /* Sources */,
				B6AED7511BDA98EC00B43E02 /* Frameworks */,
				B6AED7521BDA98EC00B43E02 /* Resources */,
			);
			buildRules = (
			);
			dependencies = (
			);
			name = LxDBAnythingDemo;
			productName = LxDBAnythingDemo;
			productReference = B6AED7541BDA98EC00B43E02 /* LxDBAnythingDemo.app */;
			productType = "com.apple.product-type.application";
		};
/* End PBXNativeTarget section */

/* Begin PBXProject section */
		B6AED74C1BDA98EC00B43E02 /* Project object */ = {
			isa = PBXProject;
			attributes = {
				LastUpgradeCheck = 0710;
				ORGANIZATIONNAME = DeveloperLx;
				TargetAttributes = {
					B6AED7531BDA98EC00B43E02 = {
						CreatedOnToolsVersion = 7.1;
					};
				};
			};
			buildConfigurationList = B6AED74F1BDA98EC00B43E02 /* Build configuration list for PBXProject "LxDBAnythingDemo" */;
			compatibilityVersion = "Xcode 3.2";
			developmentRegion = English;
			hasScannedForEncodings = 0;
			knownRegions = (
				en,
				Base,
			);
			mainGroup = B6AED74B1BDA98EC00B43E02;
			productRefGroup = B6AED7551BDA98EC00B43E02 /* Products */;
			projectDirPath = "";
			projectRoot = "";
			targets = (
				B6AED7531BDA98EC00B43E02 /* LxDBAnythingDemo */,
			);
		};
/* End PBXProject section */

/* Begin PBXResourcesBuildPhase section */
		B6AED7521BDA98EC00B43E02 /* Resources */ = {
			isa = PBXResourcesBuildPhase;
			buildActionMask = 2147483647;
			files = (
				B6AED7671BDA98EC00B43E02 /* LaunchScreen.storyboard in Resources */,
				B6AED7641BDA98EC00B43E02 /* Assets.xcassets in Resources */,
				B6AED7621BDA98EC00B43E02 /* Main.storyboard in Resources */,
			);
			runOnlyForDeploymentPostprocessing = 0;
		};
/* End PBXResourcesBuildPhase section */

/* Begin PBXSourcesBuildPhase section */
		B6AED7501BDA98EC00B43E02 /* Sources */ = {
			isa = PBXSourcesBuildPhase;
			buildActionMask = 2147483647;
			files = (
				B6AED75F1BDA98EC00B43E02 /* ViewController.m in Sources */,
				B6AED75C1BDA98EC00B43E02 /* AppDelegate.m in Sources */,
				B6AED7591BDA98EC00B43E02 /* main.m in Sources */,
			);
			runOnlyForDeploymentPostprocessing = 0;
		};
/* End PBXSourcesBuildPhase section */

/* Begin PBXVariantGroup section */
		B6AED7601BDA98EC00B43E02 /* Main.storyboard */ = {
			isa = PBXVariantGroup;
			children = (
				B6AED7611BDA98EC00B43E02 /* Base */,
			);
			name = Main.storyboard;
			sourceTree = "<group>";
		};
		B6AED7651BDA98EC00B43E02 /* LaunchScreen.storyboard */ = {
			isa = PBXVariantGroup;
			children = (
				B6AED7661BDA98EC00B43E02 /* Base */,
			);
			name = LaunchScreen.storyboard;
			sourceTree = "<group>";
		};
/* End PBXVariantGroup section */

/* Begin XCBuildConfiguration section */
		B6AED7691BDA98EC00B43E02 /* Debug */ = {
			isa = XCBuildConfiguration;
			buildSettings = {
				ALWAYS_SEARCH_USER_PATHS = NO;
				CLANG_CXX_LANGUAGE_STANDARD = "gnu++0x";
				CLANG_CXX_LIBRARY = "libc++";
				CLANG_ENABLE_MODULES = YES;
				CLANG_ENABLE_OBJC_ARC = YES;
				CLANG_WARN_BOOL_CONVERSION = YES;
				CLANG_WARN_CONSTANT_CONVERSION = YES;
				CLANG_WARN_DIRECT_OBJC_ISA_USAGE = YES_ERROR;
				CLANG_WARN_EMPTY_BODY = YES;
				CLANG_WARN_ENUM_CONVERSION = YES;
				CLANG_WARN_INT_CONVERSION = YES;
				CLANG_WARN_OBJC_ROOT_CLASS = YES_ERROR;
				CLANG_WARN_UNREACHABLE_CODE = YES;
				CLANG_WARN__DUPLICATE_METHOD_MATCH = YES;
				"CODE_SIGN_IDENTITY[sdk=iphoneos*]" = "iPhone Developer";
				COPY_PHASE_STRIP = NO;
				DEBUG_INFORMATION_FORMAT = dwarf;
				ENABLE_STRICT_OBJC_MSGSEND = YES;
				ENABLE_TESTABILITY = YES;
				GCC_C_LANGUAGE_STANDARD = gnu99;
				GCC_DYNAMIC_NO_PIC = NO;
				GCC_NO_COMMON_BLOCKS = YES;
				GCC_OPTIMIZATION_LEVEL = 0;
				GCC_PREPROCESSOR_DEFINITIONS = (
					"DEBUG=1",
					"$(inherited)",
				);
				GCC_WARN_64_TO_32_BIT_CONVERSION = YES;
				GCC_WARN_ABOUT_RETURN_TYPE = YES_ERROR;
				GCC_WARN_UNDECLARED_SELECTOR = YES;
				GCC_WARN_UNINITIALIZED_AUTOS = YES_AGGRESSIVE;
				GCC_WARN_UNUSED_FUNCTION = YES;
				GCC_WARN_UNUSED_VARIABLE = YES;
				IPHONEOS_DEPLOYMENT_TARGET = 9.1;
				MTL_ENABLE_DEBUG_INFO = YES;
				ONLY_ACTIVE_ARCH = YES;
				SDKROOT = iphoneos;
				TARGETED_DEVICE_FAMILY = "1,2";
			};
			name = Debug;
		};
		B6AED76A1BDA98EC00B43E02 /* Release */ = {
			isa = XCBuildConfiguration;
			buildSettings = {
				ALWAYS_SEARCH_USER_PATHS = NO;
				CLANG_CXX_LANGUAGE_STANDARD = "gnu++0x";
				CLANG_CXX_LIBRARY = "libc++";
				CLANG_ENABLE_MODULES = YES;
				CLANG_ENABLE_OBJC_ARC = YES;
				CLANG_WARN_BOOL_CONVERSION = YES;
				CLANG_WARN_CONSTANT_CONVERSION = YES;
				CLANG_WARN_DIRECT_OBJC_ISA_USAGE = YES_ERROR;
				CLANG_WARN_EMPTY_BODY = YES;
				CLANG_WARN_ENUM_CONVERSION = YES;
				CLANG_WARN_INT_CONVERSION = YES;
				CLANG_WARN_OBJC_ROOT_CLASS = YES_ERROR;
				CLANG_WARN_UNREACHABLE_CODE = YES;
				CLANG_WARN__DUPLICATE_METHOD_MATCH = YES;
				"CODE_SIGN_IDENTITY[sdk=iphoneos*]" = "iPhone Developer";
				COPY_PHASE_STRIP = NO;
				DEBUG_INFORMATION_FORMAT = "dwarf-with-dsym";
				ENABLE_NS_ASSERTIONS = NO;
				ENABLE_STRICT_OBJC_MSGSEND = YES;
				GCC_C_LANGUAGE_STANDARD = gnu99;
				GCC_NO_COMMON_BLOCKS = YES;
				GCC_WARN_64_TO_32_BIT_CONVERSION = YES;
				GCC_WARN_ABOUT_RETURN_TYPE = YES_ERROR;
				GCC_WARN_UNDECLARED_SELECTOR = YES;
				GCC_WARN_UNINITIALIZED_AUTOS = YES_AGGRESSIVE;
				GCC_WARN_UNUSED_FUNCTION = YES;
				GCC_WARN_UNUSED_VARIABLE = YES;
				IPHONEOS_DEPLOYMENT_TARGET = 9.1;
				MTL_ENABLE_DEBUG_INFO = NO;
				SDKROOT = iphoneos;
				TARGETED_DEVICE_FAMILY = "1,2";
				VALIDATE_PRODUCT = YES;
			};
			name = Release;
		};
		B6AED76C1BDA98EC00B43E02 /* Debug */ = {
			isa = XCBuildConfiguration;
			buildSettings = {
				ASSETCATALOG_COMPILER_APPICON_NAME = AppIcon;
				INFOPLIST_FILE = LxDBAnythingDemo/Info.plist;
				LD_RUNPATH_SEARCH_PATHS = "$(inherited) @executable_path/Frameworks";
				PRODUCT_BUNDLE_IDENTIFIER = com.etiantian.LxDBAnythingDemo;
				PRODUCT_NAME = "$(TARGET_NAME)";
			};
			name = Debug;
		};
		B6AED76D1BDA98EC00B43E02 /* Release */ = {
			isa = XCBuildConfiguration;
			buildSettings = {
				ASSETCATALOG_COMPILER_APPICON_NAME = AppIcon;
				INFOPLIST_FILE = LxDBAnythingDemo/Info.plist;
				LD_RUNPATH_SEARCH_PATHS = "$(inherited) @executable_path/Frameworks";
				PRODUCT_BUNDLE_IDENTIFIER = com.etiantian.LxDBAnythingDemo;
				PRODUCT_NAME = "$(TARGET_NAME)";
			};
			name = Release;
		};
/* End XCBuildConfiguration section */

/* Begin XCConfigurationList section */
		B6AED74F1BDA98EC00B43E02 /* Build configuration list for PBXProject "LxDBAnythingDemo" */ = {
			isa = XCConfigurationList;
			buildConfigurations = (
				B6AED7691BDA98EC00B43E02 /* Debug */,
				B6AED76A1BDA98EC00B43E02 /* Release */,
			);
			defaultConfigurationIsVisible = 0;
			defaultConfigurationName = Release;
		};
		B6AED76B1BDA98EC00B43E02 /* Build configuration list for PBXNativeTarget "LxDBAnythingDemo" */ = {
			isa = XCConfigurationList;
			buildConfigurations = (
				B6AED76C1BDA98EC00B43E02 /* Debug */,
				B6AED76D1BDA98EC00B43E02 /* Release */,
			);
			defaultConfigurationIsVisible = 0;
			defaultConfigurationName = Release;
		};
/* End XCConfigurationList section */
	};
	rootObject = B6AED74C1BDA98EC00B43E02 /* Project object */;
}
